
Microsoft Visual Studio Solution File, Format Version 12.00
Project("{FAE04EC0-301F-11D3-BF4B-00C04F79EFBC}") = "FoodAPI", "FoodAPI.csproj", "{744A13F6-0D66-4AF1-8ADE-82A823ECF28A}"
EndProject
Global
	GlobalSection(SolutionConfigurationPlatforms) = preSolution
		Debug|Any CPU = Debug|Any CPU
		Release|Any CPU = Release|Any CPU
	EndGlobalSection
	GlobalSection(ProjectConfigurationPlatforms) = postSolution
		{744A13F6-0D66-4AF1-8ADE-82A823ECF28A}.Debug|Any CPU.ActiveCfg = Debug|Any CPU
		{744A13F6-0D66-4AF1-8ADE-82A823ECF28A}.Debug|Any CPU.Build.0 = Debug|Any CPU
		{744A13F6-0D66-4AF1-8ADE-82A823ECF28A}.Release|Any CPU.ActiveCfg = Release|Any CPU
		{744A13F6-0D66-4AF1-8ADE-82A823ECF28A}.Release|Any CPU.Build.0 = Release|Any CPU
	EndGlobalSection
EndGlobal
